--- 
dependencies: 
  faker: 
    group: 
    - :test
    version: ">= 0"
  ruby-debug: 
    group: 
    - :test
    version: ">= 0"
  fastercsv: 
    group: 
    - :default
    version: ">= 0"
  childlabor: 
    group: 
    - :default
    version: ">= 0"
  rchardet: 
    group: 
    - :default
    version: ">= 0"
  mongrel: 
    group: 
    - :default
    version: ">= 0"
  rails: 
    group: 
    - :default
    version: = 3.0.0.beta4
  libxml-ruby: 
    group: 
    - :default
    version: = 1.1.3
    require: 
    - xml/libxml
  mysql: 
    group: 
    - :development
    version: ">= 0"
  memcache-client: 
    group: 
    - :default
    version: ">= 0"
    require: 
    - memcache
  thor: 
    group: 
    - :default
    version: ">= 0"
  machinist: 
    group: 
    - :test
    version: ">= 0"
  delayed_job: 
    group: 
    - :default
    version: = 2.1.0.pre
  mime-types: 
    group: 
    - :default
    version: ">= 0"
    require: 
    - mime/types
  rspec: 
    group: 
    - :test
    version: ">= 2.0.0.beta.17"
  rspec-rails: 
    group: 
    - :test
    version: ">= 2.0.0.beta.17"
  riddle: 
    group: 
    - :default
    version: ">= 0"
  oniguruma: 
    group: 
    - :default
    version: ">= 0"
  rest-client: 
    group: 
    - :default
    version: ">= 0"
    require: 
    - rest_client
  daemons: 
    group: 
    - :default
    version: ">= 0"
  chronic: 
    group: 
    - :default
    version: = 0.2.3
  rubyzip: 
    group: 
    - :default
    version: ">= 0"
    require: 
    - zip/zip
  rdoc: 
    group: 
    - :default
    version: ">= 0"
  webmock: 
    group: 
    - :test
    version: ">= 0"
specs: 
- rake: 
    version: 0.8.7
- abstract: 
    version: 1.0.0
- activesupport: 
    version: 3.0.0.beta4
- builder: 
    version: 2.1.2
- i18n: 
    version: 0.4.1
- activemodel: 
    version: 3.0.0.beta4
- erubis: 
    version: 2.6.6
- rack: 
    version: 1.1.0
- rack-mount: 
    version: 0.6.9
- rack-test: 
    version: 0.5.4
- tzinfo: 
    version: 0.3.22
- actionpack: 
    version: 3.0.0.beta4
- mime-types: 
    version: "1.16"
- polyglot: 
    version: 0.3.1
- treetop: 
    version: 1.4.8
- mail: 
    version: 2.2.5
- actionmailer: 
    version: 3.0.0.beta4
- arel: 
    version: 0.4.0
- activerecord: 
    version: 3.0.0.beta4
- activeresource: 
    version: 3.0.0.beta4
- addressable: 
    version: 2.1.2
- bundler: 
    version: 0.9.26
- cgi_multipart_eof_fix: 
    version: 2.5.0
- childlabor: 
    version: 0.0.2
- json_pure: 
    version: 1.4.3
- rubyforge: 
    version: 2.0.4
- hoe: 
    version: 2.6.1
- chronic: 
    version: 0.2.3
- columnize: 
    version: 0.3.1
- crack: 
    version: 0.1.8
- daemons: 
    version: 1.1.0
- delayed_job: 
    version: 2.1.0.pre
- diff-lcs: 
    version: 1.1.2
- faker: 
    version: 0.3.1
- fastercsv: 
    version: 1.5.3
- fastthread: 
    version: 1.0.7
- gem_plugin: 
    version: 0.2.3
- libxml-ruby: 
    version: 1.1.3
- linecache: 
    version: "0.43"
- machinist: 
    version: 1.0.6
- memcache-client: 
    version: 1.8.5
- mongrel: 
    version: 1.1.5
- mysql: 
    version: 2.8.1
- nokogiri: 
    version: 1.4.3.1
- oniguruma: 
    version: 1.1.0
- thor: 
    version: 0.13.8
- railties: 
    version: 3.0.0.beta4
- rails: 
    version: 3.0.0.beta4
- rchardet: 
    version: "1.3"
- rdoc: 
    version: 2.5.9
- rest-client: 
    version: 1.6.0
- riddle: 
    version: 1.0.12
- rspec-core: 
    version: 2.0.0.beta.19
- rspec-expectations: 
    version: 2.0.0.beta.19
- rspec-mocks: 
    version: 2.0.0.beta.19
- rspec: 
    version: 2.0.0.beta.19
- webrat: 
    version: 0.7.2.beta.1
- rspec-rails: 
    version: 2.0.0.beta.19
- ruby-debug-base: 
    version: 0.10.3
- ruby-debug: 
    version: 0.10.3
- rubyzip: 
    version: 0.9.4
- webmock: 
    version: 1.3.3
hash: c86805bfa810d458d4fff49c3450d2df57e20f91
sources: 
- Rubygems: 
    uri: http://gemcutter.org
